
Microsoft Visual Studio Solution File, Format Version 12.00
# Visual Studio Version 16
VisualStudioVersion = 25.0.1700.0
MinimumVisualStudioVersion = 10.0.40219.1
Project("{FAE04EC0-301F-11D3-BF4B-00C04F79EFBC}") = "Task1", "Task1\Task1.csproj", "{048BF5AE-2B75-41AB-9AF7-1CEDCB8CD972}"
EndProject
Project("{FAE04EC0-301F-11D3-BF4B-00C04F79EFBC}") = "Task2", "Task2\Task2.csproj", "{538DAD4B-EF01-407F-B172-7670B0923BC5}"
EndProject
Project("{FAE04EC0-301F-11D3-BF4B-00C04F79EFBC}") = "Task3", "Task3\Task3.csproj", "{C893FC29-8983-4EB0-BD51-442805D62246}"
EndProject
Project("{FAE04EC0-301F-11D3-BF4B-00C04F79EFBC}") = "Task4", "Task4\Task4.csproj", "{10CBDCF1-3574-42D5-8F39-7C5BB00AA3A4}"
EndProject
Project("{FAE04EC0-301F-11D3-BF4B-00C04F79EFBC}") = "Task5", "Task5\Task5.csproj", "{14C2F88C-DCF4-4048-9F2B-4F73523CE9E0}"
EndProject
Project("{FAE04EC0-301F-11D3-BF4B-00C04F79EFBC}") = "Task6", "Task6\Task6.csproj", "{3565F5EF-AF5A-4998-9B92-6D5DD35B27EF}"
EndProject
Project("{FAE04EC0-301F-11D3-BF4B-00C04F79EFBC}") = "Task7", "Task7\Task7.csproj", "{B7F1EFD1-1BC8-4A20-94B4-E56C5251E20A}"
EndProject
Global
	GlobalSection(SolutionConfigurationPlatforms) = preSolution
		Debug|Any CPU = Debug|Any CPU
		Release|Any CPU = Release|Any CPU
	EndGlobalSection
	GlobalSection(ProjectConfigurationPlatforms) = postSolution
		{048BF5AE-2B75-41AB-9AF7-1CEDCB8CD972}.Debug|Any CPU.ActiveCfg = Debug|Any CPU
		{048BF5AE-2B75-41AB-9AF7-1CEDCB8CD972}.Debug|Any CPU.Build.0 = Debug|Any CPU
		{048BF5AE-2B75-41AB-9AF7-1CEDCB8CD972}.Release|Any CPU.ActiveCfg = Release|Any CPU
		{048BF5AE-2B75-41AB-9AF7-1CEDCB8CD972}.Release|Any CPU.Build.0 = Release|Any CPU
		{538DAD4B-EF01-407F-B172-7670B0923BC5}.Debug|Any CPU.ActiveCfg = Debug|Any CPU
		{538DAD4B-EF01-407F-B172-7670B0923BC5}.Debug|Any CPU.Build.0 = Debug|Any CPU
		{538DAD4B-EF01-407F-B172-7670B0923BC5}.Release|Any CPU.ActiveCfg = Release|Any CPU
		{538DAD4B-EF01-407F-B172-7670B0923BC5}.Release|Any CPU.Build.0 = Release|Any CPU
		{C893FC29-8983-4EB0-BD51-442805D62246}.Debug|Any CPU.ActiveCfg = Debug|Any CPU
		{C893FC29-8983-4EB0-BD51-442805D62246}.Debug|Any CPU.Build.0 = Debug|Any CPU
		{C893FC29-8983-4EB0-BD51-442805D62246}.Release|Any CPU.ActiveCfg = Release|Any CPU
		{C893FC29-8983-4EB0-BD51-442805D62246}.Release|Any CPU.Build.0 = Release|Any CPU
		{10CBDCF1-3574-42D5-8F39-7C5BB00AA3A4}.Debug|Any CPU.ActiveCfg = Debug|Any CPU
		{10CBDCF1-3574-42D5-8F39-7C5BB00AA3A4}.Debug|Any CPU.Build.0 = Debug|Any CPU
		{10CBDCF1-3574-42D5-8F39-7C5BB00AA3A4}.Release|Any CPU.ActiveCfg = Release|Any CPU
		{10CBDCF1-3574-42D5-8F39-7C5BB00AA3A4}.Release|Any CPU.Build.0 = Release|Any CPU
		{14C2F88C-DCF4-4048-9F2B-4F73523CE9E0}.Debug|Any CPU.ActiveCfg = Debug|Any CPU
		{14C2F88C-DCF4-4048-9F2B-4F73523CE9E0}.Debug|Any CPU.Build.0 = Debug|Any CPU
		{14C2F88C-DCF4-4048-9F2B-4F73523CE9E0}.Release|Any CPU.ActiveCfg = Release|Any CPU
		{14C2F88C-DCF4-4048-9F2B-4F73523CE9E0}.Release|Any CPU.Build.0 = Release|Any CPU
		{3565F5EF-AF5A-4998-9B92-6D5DD35B27EF}.Debug|Any CPU.ActiveCfg = Debug|Any CPU
		{3565F5EF-AF5A-4998-9B92-6D5DD35B27EF}.Debug|Any CPU.Build.0 = Debug|Any CPU
		{3565F5EF-AF5A-4998-9B92-6D5DD35B27EF}.Release|Any CPU.ActiveCfg = Release|Any CPU
		{3565F5EF-AF5A-4998-9B92-6D5DD35B27EF}.Release|Any CPU.Build.0 = Release|Any CPU
		{B7F1EFD1-1BC8-4A20-94B4-E56C5251E20A}.Debug|Any CPU.ActiveCfg = Debug|Any CPU
		{B7F1EFD1-1BC8-4A20-94B4-E56C5251E20A}.Debug|Any CPU.Build.0 = Debug|Any CPU
		{B7F1EFD1-1BC8-4A20-94B4-E56C5251E20A}.Release|Any CPU.ActiveCfg = Release|Any CPU
		{B7F1EFD1-1BC8-4A20-94B4-E56C5251E20A}.Release|Any CPU.Build.0 = Release|Any CPU
	EndGlobalSection
	GlobalSection(SolutionProperties) = preSolution
		HideSolutionNode = FALSE
	EndGlobalSection
	GlobalSection(ExtensibilityGlobals) = postSolution
		SolutionGuid = {7F2B9623-AD75-44F7-9AE9-9F4D6C813CB5}
	EndGlobalSection
EndGlobal
